
Microsoft Visual Studio Solution File, Format Version 12.00
# Visual Studio 2013
VisualStudioVersion = 12.0.30324.0
MinimumVisualStudioVersion = 10.0.40219.1
Project("{2150E333-8FDC-42A3-9474-1A3956D46DE8}") = "QuickStart", "QuickStart", "{6A36ED51-3B59-40D2-91E9-5ECD02C31D15}"
EndProject
Project("{FAE04EC0-301F-11D3-BF4B-00C04F79EFBC}") = "helloworld", "helloworld\helloworld.csproj", "{B2DE3293-4204-4994-BE13-279A00349DF1}"
EndProject
Project("{FAE04EC0-301F-11D3-BF4B-00C04F79EFBC}") = "storage", "storage\storage.csproj", "{DD71E610-52EE-460A-94EA-9219E1445DD0}"
EndProject
Project("{FAE04EC0-301F-11D3-BF4B-00C04F79EFBC}") = "request", "request\request.csproj", "{37C27633-C93D-4BBE-A8BA-0C58EE7A00D0}"
EndProject
Project("{FAE04EC0-301F-11D3-BF4B-00C04F79EFBC}") = "ABC", "ABC\ABC.csproj", "{4BB78AD8-F511-4147-A7BA-AD90E6F16531}"
EndProject
Project("{2150E333-8FDC-42A3-9474-1A3956D46DE8}") = "TourPractice", "TourPractice", "{EC8FA070-69FE-40BB-8094-F53692F1BD57}"
EndProject
Project("{FAE04EC0-301F-11D3-BF4B-00C04F79EFBC}") = "TourSPA", "TourSPA\TourSPA.csproj", "{31233B39-8A53-4223-A6D0-F9CC330B2810}"
EndProject
Project("{FAE04EC0-301F-11D3-BF4B-00C04F79EFBC}") = "TourLizard2", "TourLizard2\TourLizard2.csproj", "{04F2D3B8-B4F5-40A4-ABB2-4B973C237A78}"
EndProject
Project("{FAE04EC0-301F-11D3-BF4B-00C04F79EFBC}") = "MyTour", "MyTour\MyTour.csproj", "{E227FEAF-F5A0-43FC-833C-B9CB5067B571}"
EndProject
Global
	GlobalSection(SolutionConfigurationPlatforms) = preSolution
		Debug|Any CPU = Debug|Any CPU
		Release|Any CPU = Release|Any CPU
	EndGlobalSection
	GlobalSection(ProjectConfigurationPlatforms) = postSolution
		{B2DE3293-4204-4994-BE13-279A00349DF1}.Debug|Any CPU.ActiveCfg = Debug|Any CPU
		{B2DE3293-4204-4994-BE13-279A00349DF1}.Debug|Any CPU.Build.0 = Debug|Any CPU
		{B2DE3293-4204-4994-BE13-279A00349DF1}.Release|Any CPU.ActiveCfg = Release|Any CPU
		{B2DE3293-4204-4994-BE13-279A00349DF1}.Release|Any CPU.Build.0 = Release|Any CPU
		{DD71E610-52EE-460A-94EA-9219E1445DD0}.Debug|Any CPU.ActiveCfg = Debug|Any CPU
		{DD71E610-52EE-460A-94EA-9219E1445DD0}.Debug|Any CPU.Build.0 = Debug|Any CPU
		{DD71E610-52EE-460A-94EA-9219E1445DD0}.Release|Any CPU.ActiveCfg = Release|Any CPU
		{DD71E610-52EE-460A-94EA-9219E1445DD0}.Release|Any CPU.Build.0 = Release|Any CPU
		{37C27633-C93D-4BBE-A8BA-0C58EE7A00D0}.Debug|Any CPU.ActiveCfg = Debug|Any CPU
		{37C27633-C93D-4BBE-A8BA-0C58EE7A00D0}.Debug|Any CPU.Build.0 = Debug|Any CPU
		{37C27633-C93D-4BBE-A8BA-0C58EE7A00D0}.Release|Any CPU.ActiveCfg = Release|Any CPU
		{37C27633-C93D-4BBE-A8BA-0C58EE7A00D0}.Release|Any CPU.Build.0 = Release|Any CPU
		{4BB78AD8-F511-4147-A7BA-AD90E6F16531}.Debug|Any CPU.ActiveCfg = Debug|Any CPU
		{4BB78AD8-F511-4147-A7BA-AD90E6F16531}.Debug|Any CPU.Build.0 = Debug|Any CPU
		{4BB78AD8-F511-4147-A7BA-AD90E6F16531}.Release|Any CPU.ActiveCfg = Release|Any CPU
		{4BB78AD8-F511-4147-A7BA-AD90E6F16531}.Release|Any CPU.Build.0 = Release|Any CPU
		{31233B39-8A53-4223-A6D0-F9CC330B2810}.Debug|Any CPU.ActiveCfg = Debug|Any CPU
		{31233B39-8A53-4223-A6D0-F9CC330B2810}.Debug|Any CPU.Build.0 = Debug|Any CPU
		{31233B39-8A53-4223-A6D0-F9CC330B2810}.Release|Any CPU.ActiveCfg = Release|Any CPU
		{31233B39-8A53-4223-A6D0-F9CC330B2810}.Release|Any CPU.Build.0 = Release|Any CPU
		{04F2D3B8-B4F5-40A4-ABB2-4B973C237A78}.Debug|Any CPU.ActiveCfg = Debug|Any CPU
		{04F2D3B8-B4F5-40A4-ABB2-4B973C237A78}.Debug|Any CPU.Build.0 = Debug|Any CPU
		{04F2D3B8-B4F5-40A4-ABB2-4B973C237A78}.Release|Any CPU.ActiveCfg = Release|Any CPU
		{04F2D3B8-B4F5-40A4-ABB2-4B973C237A78}.Release|Any CPU.Build.0 = Release|Any CPU
		{E227FEAF-F5A0-43FC-833C-B9CB5067B571}.Debug|Any CPU.ActiveCfg = Debug|Any CPU
		{E227FEAF-F5A0-43FC-833C-B9CB5067B571}.Debug|Any CPU.Build.0 = Debug|Any CPU
		{E227FEAF-F5A0-43FC-833C-B9CB5067B571}.Release|Any CPU.ActiveCfg = Release|Any CPU
		{E227FEAF-F5A0-43FC-833C-B9CB5067B571}.Release|Any CPU.Build.0 = Release|Any CPU
	EndGlobalSection
	GlobalSection(SolutionProperties) = preSolution
		HideSolutionNode = FALSE
	EndGlobalSection
	GlobalSection(NestedProjects) = preSolution
		{B2DE3293-4204-4994-BE13-279A00349DF1} = {6A36ED51-3B59-40D2-91E9-5ECD02C31D15}
		{DD71E610-52EE-460A-94EA-9219E1445DD0} = {6A36ED51-3B59-40D2-91E9-5ECD02C31D15}
		{37C27633-C93D-4BBE-A8BA-0C58EE7A00D0} = {6A36ED51-3B59-40D2-91E9-5ECD02C31D15}
		{4BB78AD8-F511-4147-A7BA-AD90E6F16531} = {6A36ED51-3B59-40D2-91E9-5ECD02C31D15}
		{31233B39-8A53-4223-A6D0-F9CC330B2810} = {EC8FA070-69FE-40BB-8094-F53692F1BD57}
		{04F2D3B8-B4F5-40A4-ABB2-4B973C237A78} = {EC8FA070-69FE-40BB-8094-F53692F1BD57}
		{E227FEAF-F5A0-43FC-833C-B9CB5067B571} = {EC8FA070-69FE-40BB-8094-F53692F1BD57}
	EndGlobalSection
EndGlobal
